
Microsoft Visual Studio Solution File, Format Version 12.00
# Visual Studio Version 16
VisualStudioVersion = 16.0.29519.181
MinimumVisualStudioVersion = 10.0.40219.1
Project("{FAE04EC0-301F-11D3-BF4B-00C04F79EFBC}") = "SelectionSort", "SelectionSort\SelectionSort.csproj", "{7F4EC91A-3FDA-49C8-9768-B11449EF3581}"
EndProject
Project("{FAE04EC0-301F-11D3-BF4B-00C04F79EFBC}") = "InsertionSort", "InsertSort\InsertionSort.csproj", "{D08947D6-2210-4E6E-A396-9CE8FECEDFDD}"
EndProject
Global
	GlobalSection(SolutionConfigurationPlatforms) = preSolution
		Debug|Any CPU = Debug|Any CPU
		Release|Any CPU = Release|Any CPU
	EndGlobalSection
	GlobalSection(ProjectConfigurationPlatforms) = postSolution
		{7F4EC91A-3FDA-49C8-9768-B11449EF3581}.Debug|Any CPU.ActiveCfg = Debug|Any CPU
		{7F4EC91A-3FDA-49C8-9768-B11449EF3581}.Debug|Any CPU.Build.0 = Debug|Any CPU
		{7F4EC91A-3FDA-49C8-9768-B11449EF3581}.Release|Any CPU.ActiveCfg = Release|Any CPU
		{7F4EC91A-3FDA-49C8-9768-B11449EF3581}.Release|Any CPU.Build.0 = Release|Any CPU
		{D08947D6-2210-4E6E-A396-9CE8FECEDFDD}.Debug|Any CPU.ActiveCfg = Debug|Any CPU
		{D08947D6-2210-4E6E-A396-9CE8FECEDFDD}.Debug|Any CPU.Build.0 = Debug|Any CPU
		{D08947D6-2210-4E6E-A396-9CE8FECEDFDD}.Release|Any CPU.ActiveCfg = Release|Any CPU
		{D08947D6-2210-4E6E-A396-9CE8FECEDFDD}.Release|Any CPU.Build.0 = Release|Any CPU
	EndGlobalSection
	GlobalSection(SolutionProperties) = preSolution
		HideSolutionNode = FALSE
	EndGlobalSection
	GlobalSection(ExtensibilityGlobals) = postSolution
		SolutionGuid = {81F7C034-FF4C-4FBB-8355-3D0C8D42AF84}
	EndGlobalSection
EndGlobal
